{
    "_readme": [
        "This file locks the dependencies of your project to a known state",
        "Read more about it at https://getcomposer.org/doc/01-basic-usage.md#composer-lock-the-lock-file",
        "This file is @generated automatically"
    ],
    "hash": "496c859c0792bbe79b79ec6d23006a6a",
    "content-hash": "02f50328c81bc6648e372c0897a6308b",
    "packages": [
        {
            "name": "chobie/jira-api-restclient",
            "version": "dev-master",
            "source": {
                "type": "git",
                "url": "https://github.com/chobie/jira-api-restclient.git",
                "reference": "9adbba0e3872cbc90754e57abc97360f4ad174fe"
            },
            "dist": {
                "type": "zip",
                "url": "https://api.github.com/repos/chobie/jira-api-restclient/zipball/9adbba0e3872cbc90754e57abc97360f4ad174fe",
                "reference": "9adbba0e3872cbc90754e57abc97360f4ad174fe",
                "shasum": ""
            },
            "require": {
                "php": ">=5.3.0"
            },
            "require-dev": {
                "aik099/coding-standard": "dev-master",
                "phpunit/phpunit": "4.1.*"
            },
            "type": "library",
            "extra": {
                "branch-alias": {
                    "dev-master": "2.0-dev"
                }
            },
            "autoload": {
                "psr-4": {
                    "chobie\\": "src"
                }
            },
            "notification-url": "https://packagist.org/downloads/",
            "license": [
                "MIT"
            ],
            "authors": [
                {
                    "name": "Shuhei Tanuma",
                    "email": "chobieeee@php.net",
                    "homepage": "http://chobie.github.io/"
                }
            ],
            "description": "JIRA REST API Client",
            "keywords": [
                "api",
                "jira",
                "rest"
            ],
            "time": "2016-06-03 20:57:18"
        }
    ],
    "packages-dev": [],
    "aliases": [],
    "minimum-stability": "dev",
    "stability-flags": {
        "chobie/jira-api-restclient": 20
    },
    "prefer-stable": false,
    "prefer-lowest": false,
    "platform": {
        "php": ">=5.5.9"
    },
    "platform-dev": []
}
